// !$*UTF8*$!
{
	archiveVersion = 1;
	classes = {
	};
	objectVersion = 77;
	objects = {

/* Begin PBXContainerItemProxy section */
		F240DBFA2D5906F90000A517 /* PBXContainerItemProxy */ = {
			isa = PBXContainerItemProxy;
			containerPortal = F240DBE12D5906F70000A517 /* Project object */;
			proxyType = 1;
			remoteGlobalIDString = F240DBE82D5906F70000A517;
			remoteInfo = HalalHub;
		};
		F240DC042D5906F90000A517 /* PBXContainerItemProxy */ = {
			isa = PBXContainerItemProxy;
			containerPortal = F240DBE12D5906F70000A517 /* Project object */;
			proxyType = 1;
			remoteGlobalIDString = F240DBE82D5906F70000A517;
			remoteInfo = HalalHub;
		};
/* End PBXContainerItemProxy section */

/* Begin PBXFileReference section */
		F240DBE92D5906F70000A517 /* HalalHub.app */ = {isa = PBXFileReference; explicitFileType = wrapper.application; includeInIndex = 0; path = HalalHub.app; sourceTree = BUILT_PRODUCTS_DIR; };
		F240DBF92D5906F90000A517 /* HalalHubTests.xctest */ = {isa = PBXFileReference; explicitFileType = wrapper.cfbundle; includeInIndex = 0; path = HalalHubTests.xctest; sourceTree = BUILT_PRODUCTS_DIR; };
		F240DC032D5906F90000A517 /* HalalHubUITests.xctest */ = {isa = PBXFileReference; explicitFileType = wrapper.cfbundle; includeInIndex = 0; path = HalalHubUITests.xctest; sourceTree = BUILT_PRODUCTS_DIR; };
/* End PBXFileReference section */

/* Begin PBXFileSystemSynchronizedRootGroup section */
		F240DBEB2D5906F70000A517 /* HalalHub */ = {
			isa = PBXFileSystemSynchronizedRootGroup;
			path = HalalHub;
			sourceTree = "<group>";
		};
		F240DBFC2D5906F90000A517 /* HalalHubTests */ = {
			isa = PBXFileSystemSynchronizedRootGroup;
			path = HalalHubTests;
			sourceTree = "<group>";
		};
		F240DC062D5906F90000A517 /* HalalHubUITests */ = {
			isa = PBXFileSystemSynchronizedRootGroup;
			path = HalalHubUITests;
			sourceTree = "<group>";
		};
/* End PBXFileSystemSynchronizedRootGroup section */

/* Begin PBXFrameworksBuildPhase section */
		F240DBE62D5906F70000A517 /* Frameworks */ = {
			isa = PBXFrameworksBuildPhase;
			buildActionMask = 2147483647;
			files = (
			);
			runOnlyForDeploymentPostprocessing = 0;
		};
		F240DBF62D5906F90000A517 /* Frameworks */ = {
			isa = PBXFrameworksBuildPhase;
			buildActionMask = 2147483647;
			files = (
			);
			runOnlyForDeploymentPostprocessing = 0;
		};
		F240DC002D5906F90000A517 /* Frameworks */ = {
			isa = PBXFrameworksBuildPhase;
			buildActionMask = 2147483647;
			files = (
			);
			runOnlyForDeploymentPostprocessing = 0;
		};
/* End PBXFrameworksBuildPhase section */

/* Begin PBXGroup section */
		F240DBE02D5906F70000A517 = {
			isa = PBXGroup;
			children = (
				F240DBEB2D5906F70000A517 /* HalalHub */,
				F240DBFC2D5906F90000A517 /* HalalHubTests */,
				F240DC062D5906F90000A517 /* HalalHubUITests */,
				F240DBEA2D5906F70000A517 /* Products */,
			);
			sourceTree = "<group>";
		};
		F240DBEA2D5906F70000A517 /* Products */ = {
			isa = PBXGroup;
			children = (
				F240DBE92D5906F70000A517 /* HalalHub.app */,
				F240DBF92D5906F90000A517 /* HalalHubTests.xctest */,
				F240DC032D5906F90000A517 /* HalalHubUITests.xctest */,
			);
			name = Products;
			sourceTree = "<group>";
		};
/* End PBXGroup section */

/* Begin PBXNativeTarget section */
		F240DBE82D5906F70000A517 /* HalalHub */ = {
			isa = PBXNativeTarget;
			buildConfigurationList = F240DC0D2D5906F90000A517 /* Build configuration list for PBXNativeTarget "HalalHub" */;
			buildPhases = (
				F240DBE52D5906F70000A517 /* Sources */,
				F240DBE62D5906F70000A517 /* Frameworks */,
				F240DBE72D5906F70000A517 /* Resources */,
			);
			buildRules = (
			);
			dependencies = (
			);
			fileSystemSynchronizedGroups = (
				F240DBEB2D5906F70000A517 /* HalalHub */,
			);
			name = HalalHub;
			packageProductDependencies = (
			);
			productName = HalalHub;
			productReference = F240DBE92D5906F70000A517 /* HalalHub.app */;
			productType = "com.apple.product-type.application";
		};
		F240DBF82D5906F90000A517 /* HalalHubTests */ = {
			isa = PBXNativeTarget;
			buildConfigurationList = F240DC102D5906F90000A517 /* Build configuration list for PBXNativeTarget "HalalHubTests" */;
			buildPhases = (
				F240DBF52D5906F90000A517 /* Sources */,
				F240DBF62D5906F90000A517 /* Frameworks */,
				F240DBF72D5906F90000A517 /* Resources */,
			);
			buildRules = (
			);
			dependencies = (
				F240DBFB2D5906F90000A517 /* PBXTargetDependency */,
			);
			fileSystemSynchronizedGroups = (
				F240DBFC2D5906F90000A517 /* HalalHubTests */,
			);
			name = HalalHubTests;
			packageProductDependencies = (
			);
			productName = HalalHubTests;
			productReference = F240DBF92D5906F90000A517 /* HalalHubTests.xctest */;
			productType = "com.apple.product-type.bundle.unit-test";
		};
		F240DC022D5906F90000A517 /* HalalHubUITests */ = {
			isa = PBXNativeTarget;
			buildConfigurationList = F240DC132D5906F90000A517 /* Build configuration list for PBXNativeTarget "HalalHubUITests" */;
			buildPhases = (
				F240DBFF2D5906F90000A517 /* Sources */,
				F240DC002D5906F90000A517 /* Frameworks */,
				F240DC012D5906F90000A517 /* Resources */,
			);
			buildRules = (
			);
			dependencies = (
				F240DC052D5906F90000A517 /* PBXTargetDependency */,
			);
			fileSystemSynchronizedGroups = (
				F240DC062D5906F90000A517 /* HalalHubUITests */,
			);
			name = HalalHubUITests;
			packageProductDependencies = (
			);
			productName = HalalHubUITests;
			productReference = F240DC032D5906F90000A517 /* HalalHubUITests.xctest */;
			productType = "com.apple.product-type.bundle.ui-testing";
		};
/* End PBXNativeTarget section */

/* Begin PBXProject section */
		F240DBE12D5906F70000A517 /* Project object */ = {
			isa = PBXProject;
			attributes = {
				BuildIndependentTargetsInParallel = 1;
				LastSwiftUpdateCheck = 1620;
				LastUpgradeCheck = 1620;
				TargetAttributes = {
					F240DBE82D5906F70000A517 = {
						CreatedOnToolsVersion = 16.2;
					};
					F240DBF82D5906F90000A517 = {
						CreatedOnToolsVersion = 16.2;
						TestTargetID = F240DBE82D5906F70000A517;
					};
					F240DC022D5906F90000A517 = {
						CreatedOnToolsVersion = 16.2;
						TestTargetID = F240DBE82D5906F70000A517;
					};
				};
			};
			buildConfigurationList = F240DBE42D5906F70000A517 /* Build configuration list for PBXProject "HalalHub" */;
			developmentRegion = en;
			hasScannedForEncodings = 0;
			knownRegions = (
				en,
				Base,
			);
			mainGroup = F240DBE02D5906F70000A517;
			minimizedProjectReferenceProxies = 1;
			preferredProjectObjectVersion = 77;
			productRefGroup = F240DBEA2D5906F70000A517 /* Products */;
			projectDirPath = "";
			projectRoot = "";
			targets = (
				F240DBE82D5906F70000A517 /* HalalHub */,
				F240DBF82D5906F90000A517 /* HalalHubTests */,
				F240DC022D5906F90000A517 /* HalalHubUITests */,
			);
		};
/* End PBXProject section */

/* Begin PBXResourcesBuildPhase section */
		F240DBE72D5906F70000A517 /* Resources */ = {
			isa = PBXResourcesBuildPhase;
			buildActionMask = 2147483647;
			files = (
			);
			runOnlyForDeploymentPostprocessing = 0;
		};
		F240DBF72D5906F90000A517 /* Resources */ = {
			isa = PBXResourcesBuildPhase;
			buildActionMask = 2147483647;
			files = (
			);
			runOnlyForDeploymentPostprocessing = 0;
		};
		F240DC012D5906F90000A517 /* Resources */ = {
			isa = PBXResourcesBuildPhase;
			buildActionMask = 2147483647;
			files = (
			);
			runOnlyForDeploymentPostprocessing = 0;
		};
/* End PBXResourcesBuildPhase section */

/* Begin PBXSourcesBuildPhase section */
		F240DBE52D5906F70000A517 /* Sources */ = {
			isa = PBXSourcesBuildPhase;
			buildActionMask = 2147483647;
			files = (
			);
			runOnlyForDeploymentPostprocessing = 0;
		};
		F240DBF52D5906F90000A517 /* Sources */ = {
			isa = PBXSourcesBuildPhase;
			buildActionMask = 2147483647;
			files = (
			);
			runOnlyForDeploymentPostprocessing = 0;
		};
		F240DBFF2D5906F90000A517 /* Sources */ = {
			isa = PBXSourcesBuildPhase;
			buildActionMask = 2147483647;
			files = (
			);
			runOnlyForDeploymentPostprocessing = 0;
		};
/* End PBXSourcesBuildPhase section */

/* Begin PBXTargetDependency section */
		F240DBFB2D5906F90000A517 /* PBXTargetDependency */ = {
			isa = PBXTargetDependency;
			target = F240DBE82D5906F70000A517 /* HalalHub */;
			targetProxy = F240DBFA2D5906F90000A517 /* PBXContainerItemProxy */;
		};
		F240DC052D5906F90000A517 /* PBXTargetDependency */ = {
			isa = PBXTargetDependency;
			target = F240DBE82D5906F70000A517 /* HalalHub */;
			targetProxy = F240DC042D5906F90000A517 /* PBXContainerItemProxy */;
		};
/* End PBXTargetDependency section */

/* Begin XCBuildConfiguration section */
		F240DC0B2D5906F90000A517 /* Debug */ = {
			isa = XCBuildConfiguration;
			buildSettings = {
				ALWAYS_SEARCH_USER_PATHS = NO;
				ASSETCATALOG_COMPILER_GENERATE_SWIFT_ASSET_SYMBOL_EXTENSIONS = YES;
				CLANG_ANALYZER_NONNULL = YES;
				CLANG_ANALYZER_NUMBER_OBJECT_CONVERSION = YES_AGGRESSIVE;
				CLANG_CXX_LANGUAGE_STANDARD = "gnu++20";
				CLANG_ENABLE_MODULES = YES;
				CLANG_ENABLE_OBJC_ARC = YES;
				CLANG_ENABLE_OBJC_WEAK = YES;
				CLANG_WARN_BLOCK_CAPTURE_AUTORELEASING = YES;
				CLANG_WARN_BOOL_CONVERSION = YES;
				CLANG_WARN_COMMA = YES;
				CLANG_WARN_CONSTANT_CONVERSION = YES;
				CLANG_WARN_DEPRECATED_OBJC_IMPLEMENTATIONS = YES;
				CLANG_WARN_DIRECT_OBJC_ISA_USAGE = YES_ERROR;
				CLANG_WARN_DOCUMENTATION_COMMENTS = YES;
				CLANG_WARN_EMPTY_BODY = YES;
				CLANG_WARN_ENUM_CONVERSION = YES;
				CLANG_WARN_INFINITE_RECURSION = YES;
				CLANG_WARN_INT_CONVERSION = YES;
				CLANG_WARN_NON_LITERAL_NULL_CONVERSION = YES;
				CLANG_WARN_OBJC_IMPLICIT_RETAIN_SELF = YES;
				CLANG_WARN_OBJC_LITERAL_CONVERSION = YES;
				CLANG_WARN_OBJC_ROOT_CLASS = YES_ERROR;
				CLANG_WARN_QUOTED_INCLUDE_IN_FRAMEWORK_HEADER = YES;
				CLANG_WARN_RANGE_LOOP_ANALYSIS = YES;
				CLANG_WARN_STRICT_PROTOTYPES = YES;
				CLANG_WARN_SUSPICIOUS_MOVE = YES;
				CLANG_WARN_UNGUARDED_AVAILABILITY = YES_AGGRESSIVE;
				CLANG_WARN_UNREACHABLE_CODE = YES;
				CLANG_WARN__DUPLICATE_METHOD_MATCH = YES;
				COPY_PHASE_STRIP = NO;
				DEBUG_INFORMATION_FORMAT = dwarf;
				ENABLE_STRICT_OBJC_MSGSEND = YES;
				ENABLE_TESTABILITY = YES;
				ENABLE_USER_SCRIPT_SANDBOXING = YES;
				GCC_C_LANGUAGE_STANDARD = gnu17;
				GCC_DYNAMIC_NO_PIC = NO;
				GCC_NO_COMMON_BLOCKS = YES;
				GCC_OPTIMIZATION_LEVEL = 0;
				GCC_PREPROCESSOR_DEFINITIONS = (
					"DEBUG=1",
					"$(inherited)",
				);
				GCC_WARN_64_TO_32_BIT_CONVERSION = YES;
				GCC_WARN_ABOUT_RETURN_TYPE = YES_ERROR;
				GCC_WARN_UNDECLARED_SELECTOR = YES;
				GCC_WARN_UNINITIALIZED_AUTOS = YES_AGGRESSIVE;
				GCC_WARN_UNUSED_FUNCTION = YES;
				GCC_WARN_UNUSED_VARIABLE = YES;
				IPHONEOS_DEPLOYMENT_TARGET = 18.2;
				LOCALIZATION_PREFERS_STRING_CATALOGS = YES;
				MTL_ENABLE_DEBUG_INFO = INCLUDE_SOURCE;
				MTL_FAST_MATH = YES;
				ONLY_ACTIVE_ARCH = YES;
				SDKROOT = iphoneos;
				SWIFT_ACTIVE_COMPILATION_CONDITIONS = "DEBUG $(inherited)";
				SWIFT_OPTIMIZATION_LEVEL = "-Onone";
			};
			name = Debug;
		};
		F240DC0C2D5906F90000A517 /* Release */ = {
			isa = XCBuildConfiguration;
			buildSettings = {
				ALWAYS_SEARCH_USER_PATHS = NO;
				ASSETCATALOG_COMPILER_GENERATE_SWIFT_ASSET_SYMBOL_EXTENSIONS = YES;
				CLANG_ANALYZER_NONNULL = YES;
				CLANG_ANALYZER_NUMBER_OBJECT_CONVERSION = YES_AGGRESSIVE;
				CLANG_CXX_LANGUAGE_STANDARD = "gnu++20";
				CLANG_ENABLE_MODULES = YES;
				CLANG_ENABLE_OBJC_ARC = YES;
				CLANG_ENABLE_OBJC_WEAK = YES;
				CLANG_WARN_BLOCK_CAPTURE_AUTORELEASING = YES;
				CLANG_WARN_BOOL_CONVERSION = YES;
				CLANG_WARN_COMMA = YES;
				CLANG_WARN_CONSTANT_CONVERSION = YES;
				CLANG_WARN_DEPRECATED_OBJC_IMPLEMENTATIONS = YES;
				CLANG_WARN_DIRECT_OBJC_ISA_USAGE = YES_ERROR;
				CLANG_WARN_DOCUMENTATION_COMMENTS = YES;
				CLANG_WARN_EMPTY_BODY = YES;
				CLANG_WARN_ENUM_CONVERSION = YES;
				CLANG_WARN_INFINITE_RECURSION = YES;
				CLANG_WARN_INT_CONVERSION = YES;
				CLANG_WARN_NON_LITERAL_NULL_CONVERSION = YES;
				CLANG_WARN_OBJC_IMPLICIT_RETAIN_SELF = YES;
				CLANG_WARN_OBJC_LITERAL_CONVERSION = YES;
				CLANG_WARN_OBJC_ROOT_CLASS = YES_ERROR;
				CLANG_WARN_QUOTED_INCLUDE_IN_FRAMEWORK_HEADER = YES;
				CLANG_WARN_RANGE_LOOP_ANALYSIS = YES;
				CLANG_WARN_STRICT_PROTOTYPES = YES;
				CLANG_WARN_SUSPICIOUS_MOVE = YES;
				CLANG_WARN_UNGUARDED_AVAILABILITY = YES_AGGRESSIVE;
				CLANG_WARN_UNREACHABLE_CODE = YES;
				CLANG_WARN__DUPLICATE_METHOD_MATCH = YES;
				COPY_PHASE_STRIP = NO;
				DEBUG_INFORMATION_FORMAT = "dwarf-with-dsym";
				ENABLE_NS_ASSERTIONS = NO;
				ENABLE_STRICT_OBJC_MSGSEND = YES;
				ENABLE_USER_SCRIPT_SANDBOXING = YES;
				GCC_C_LANGUAGE_STANDARD = gnu17;
				GCC_NO_COMMON_BLOCKS = YES;
				GCC_WARN_64_TO_32_BIT_CONVERSION = YES;
				GCC_WARN_ABOUT_RETURN_TYPE = YES_ERROR;
				GCC_WARN_UNDECLARED_SELECTOR = YES;
				GCC_WARN_UNINITIALIZED_AUTOS = YES_AGGRESSIVE;
				GCC_WARN_UNUSED_FUNCTION = YES;
				GCC_WARN_UNUSED_VARIABLE = YES;
				IPHONEOS_DEPLOYMENT_TARGET = 18.2;
				LOCALIZATION_PREFERS_STRING_CATALOGS = YES;
				MTL_ENABLE_DEBUG_INFO = NO;
				MTL_FAST_MATH = YES;
				SDKROOT = iphoneos;
				SWIFT_COMPILATION_MODE = wholemodule;
				VALIDATE_PRODUCT = YES;
			};
			name = Release;
		};
		F240DC0E2D5906F90000A517 /* Debug */ = {
			isa = XCBuildConfiguration;
			buildSettings = {
				ASSETCATALOG_COMPILER_APPICON_NAME = AppIcon;
				ASSETCATALOG_COMPILER_GLOBAL_ACCENT_COLOR_NAME = AccentColor;
				CODE_SIGN_STYLE = Automatic;
				CURRENT_PROJECT_VERSION = 1;
				DEVELOPMENT_ASSET_PATHS = "\"HalalHub/Preview Content\"";
				DEVELOPMENT_TEAM = DLHM774YX3;
				ENABLE_PREVIEWS = YES;
				GENERATE_INFOPLIST_FILE = YES;
				INFOPLIST_KEY_UIApplicationSceneManifest_Generation = YES;
				INFOPLIST_KEY_UIApplicationSupportsIndirectInputEvents = YES;
				INFOPLIST_KEY_UILaunchScreen_Generation = YES;
				INFOPLIST_KEY_UISupportedInterfaceOrientations_iPad = "UIInterfaceOrientationPortrait UIInterfaceOrientationPortraitUpsideDown UIInterfaceOrientationLandscapeLeft UIInterfaceOrientationLandscapeRight";
				INFOPLIST_KEY_UISupportedInterfaceOrientations_iPhone = "UIInterfaceOrientationPortrait UIInterfaceOrientationLandscapeLeft UIInterfaceOrientationLandscapeRight";
				LD_RUNPATH_SEARCH_PATHS = (
					"$(inherited)",
					"@executable_path/Frameworks",
				);
				MARKETING_VERSION = 1.0;
				PRODUCT_BUNDLE_IDENTIFIER = swiftapp1.HalalHub;
				PRODUCT_NAME = "$(TARGET_NAME)";
				SWIFT_EMIT_LOC_STRINGS = YES;
				SWIFT_VERSION = 5.0;
				TARGETED_DEVICE_FAMILY = "1,2";
			};
			name = Debug;
		};
		F240DC0F2D5906F90000A517 /* Release */ = {
			isa = XCBuildConfiguration;
			buildSettings = {
				ASSETCATALOG_COMPILER_APPICON_NAME = AppIcon;
				ASSETCATALOG_COMPILER_GLOBAL_ACCENT_COLOR_NAME = AccentColor;
				CODE_SIGN_STYLE = Automatic;
				CURRENT_PROJECT_VERSION = 1;
				DEVELOPMENT_ASSET_PATHS = "\"HalalHub/Preview Content\"";
				DEVELOPMENT_TEAM = DLHM774YX3;
				ENABLE_PREVIEWS = YES;
				GENERATE_INFOPLIST_FILE = YES;
				INFOPLIST_KEY_UIApplicationSceneManifest_Generation = YES;
				INFOPLIST_KEY_UIApplicationSupportsIndirectInputEvents = YES;
				INFOPLIST_KEY_UILaunchScreen_Generation = YES;
				INFOPLIST_KEY_UISupportedInterfaceOrientations_iPad = "UIInterfaceOrientationPortrait UIInterfaceOrientationPortraitUpsideDown UIInterfaceOrientationLandscapeLeft UIInterfaceOrientationLandscapeRight";
				INFOPLIST_KEY_UISupportedInterfaceOrientations_iPhone = "UIInterfaceOrientationPortrait UIInterfaceOrientationLandscapeLeft UIInterfaceOrientationLandscapeRight";
				LD_RUNPATH_SEARCH_PATHS = (
					"$(inherited)",
					"@executable_path/Frameworks",
				);
				MARKETING_VERSION = 1.0;
				PRODUCT_BUNDLE_IDENTIFIER = swiftapp1.HalalHub;
				PRODUCT_NAME = "$(TARGET_NAME)";
				SWIFT_EMIT_LOC_STRINGS = YES;
				SWIFT_VERSION = 5.0;
				TARGETED_DEVICE_FAMILY = "1,2";
			};
			name = Release;
		};
		F240DC112D5906F90000A517 /* Debug */ = {
			isa = XCBuildConfiguration;
			buildSettings = {
				BUNDLE_LOADER = "$(TEST_HOST)";
				CODE_SIGN_STYLE = Automatic;
				CURRENT_PROJECT_VERSION = 1;
				GENERATE_INFOPLIST_FILE = YES;
				IPHONEOS_DEPLOYMENT_TARGET = 18.2;
				MARKETING_VERSION = 1.0;
				PRODUCT_BUNDLE_IDENTIFIER = swiftapp1.HalalHubTests;
				PRODUCT_NAME = "$(TARGET_NAME)";
				SWIFT_EMIT_LOC_STRINGS = NO;
				SWIFT_VERSION = 5.0;
				TARGETED_DEVICE_FAMILY = "1,2";
				TEST_HOST = "$(BUILT_PRODUCTS_DIR)/HalalHub.app/$(BUNDLE_EXECUTABLE_FOLDER_PATH)/HalalHub";
			};
			name = Debug;
		};
		F240DC122D5906F90000A517 /* Release */ = {
			isa = XCBuildConfiguration;
			buildSettings = {
				BUNDLE_LOADER = "$(TEST_HOST)";
				CODE_SIGN_STYLE = Automatic;
				CURRENT_PROJECT_VERSION = 1;
				GENERATE_INFOPLIST_FILE = YES;
				IPHONEOS_DEPLOYMENT_TARGET = 18.2;
				MARKETING_VERSION = 1.0;
				PRODUCT_BUNDLE_IDENTIFIER = swiftapp1.HalalHubTests;
				PRODUCT_NAME = "$(TARGET_NAME)";
				SWIFT_EMIT_LOC_STRINGS = NO;
				SWIFT_VERSION = 5.0;
				TARGETED_DEVICE_FAMILY = "1,2";
				TEST_HOST = "$(BUILT_PRODUCTS_DIR)/HalalHub.app/$(BUNDLE_EXECUTABLE_FOLDER_PATH)/HalalHub";
			};
			name = Release;
		};
		F240DC142D5906F90000A517 /* Debug */ = {
			isa = XCBuildConfiguration;
			buildSettings = {
				CODE_SIGN_STYLE = Automatic;
				CURRENT_PROJECT_VERSION = 1;
				GENERATE_INFOPLIST_FILE = YES;
				MARKETING_VERSION = 1.0;
				PRODUCT_BUNDLE_IDENTIFIER = swiftapp1.HalalHubUITests;
				PRODUCT_NAME = "$(TARGET_NAME)";
				SWIFT_EMIT_LOC_STRINGS = NO;
				SWIFT_VERSION = 5.0;
				TARGETED_DEVICE_FAMILY = "1,2";
				TEST_TARGET_NAME = HalalHub;
			};
			name = Debug;
		};
		F240DC152D5906F90000A517 /* Release */ = {
			isa = XCBuildConfiguration;
			buildSettings = {
				CODE_SIGN_STYLE = Automatic;
				CURRENT_PROJECT_VERSION = 1;
				GENERATE_INFOPLIST_FILE = YES;
				MARKETING_VERSION = 1.0;
				PRODUCT_BUNDLE_IDENTIFIER = swiftapp1.HalalHubUITests;
				PRODUCT_NAME = "$(TARGET_NAME)";
				SWIFT_EMIT_LOC_STRINGS = NO;
				SWIFT_VERSION = 5.0;
				TARGETED_DEVICE_FAMILY = "1,2";
				TEST_TARGET_NAME = HalalHub;
			};
			name = Release;
		};
/* End XCBuildConfiguration section */

/* Begin XCConfigurationList section */
		F240DBE42D5906F70000A517 /* Build configuration list for PBXProject "HalalHub" */ = {
			isa = XCConfigurationList;
			buildConfigurations = (
				F240DC0B2D5906F90000A517 /* Debug */,
				F240DC0C2D5906F90000A517 /* Release */,
			);
			defaultConfigurationIsVisible = 0;
			defaultConfigurationName = Release;
		};
		F240DC0D2D5906F90000A517 /* Build configuration list for PBXNativeTarget "HalalHub" */ = {
			isa = XCConfigurationList;
			buildConfigurations = (
				F240DC0E2D5906F90000A517 /* Debug */,
				F240DC0F2D5906F90000A517 /* Release */,
			);
			defaultConfigurationIsVisible = 0;
			defaultConfigurationName = Release;
		};
		F240DC102D5906F90000A517 /* Build configuration list for PBXNativeTarget "HalalHubTests" */ = {
			isa = XCConfigurationList;
			buildConfigurations = (
				F240DC112D5906F90000A517 /* Debug */,
				F240DC122D5906F90000A517 /* Release */,
			);
			defaultConfigurationIsVisible = 0;
			defaultConfigurationName = Release;
		};
		F240DC132D5906F90000A517 /* Build configuration list for PBXNativeTarget "HalalHubUITests" */ = {
			isa = XCConfigurationList;
			buildConfigurations = (
				F240DC142D5906F90000A517 /* Debug */,
				F240DC152D5906F90000A517 /* Release */,
			);
			defaultConfigurationIsVisible = 0;
			defaultConfigurationName = Release;
		};
/* End XCConfigurationList section */
	};
	rootObject = F240DBE12D5906F70000A517 /* Project object */;
}
